
Microsoft Visual Studio Solution File, Format Version 12.00
# Visual Studio Version 17
VisualStudioVersion = 17.6.33815.320
MinimumVisualStudioVersion = 10.0.40219.1
Project("{FAE04EC0-301F-11D3-BF4B-00C04F79EFBC}") = "Order", "Order.csproj", "{D4C99913-FAB6-4CB1-8AC9-334653D66FB3}"
EndProject
Global
	GlobalSection(SolutionConfigurationPlatforms) = preSolution
		Debug|Any CPU = Debug|Any CPU
		Release|Any CPU = Release|Any CPU
	EndGlobalSection
	GlobalSection(ProjectConfigurationPlatforms) = postSolution
		{D4C99913-FAB6-4CB1-8AC9-334653D66FB3}.Debug|Any CPU.ActiveCfg = Debug|Any CPU
		{D4C99913-FAB6-4CB1-8AC9-334653D66FB3}.Debug|Any CPU.Build.0 = Debug|Any CPU
		{D4C99913-FAB6-4CB1-8AC9-334653D66FB3}.Release|Any CPU.ActiveCfg = Release|Any CPU
		{D4C99913-FAB6-4CB1-8AC9-334653D66FB3}.Release|Any CPU.Build.0 = Release|Any CPU
	EndGlobalSection
	GlobalSection(SolutionProperties) = preSolution
		HideSolutionNode = FALSE
	EndGlobalSection
	GlobalSection(ExtensibilityGlobals) = postSolution
		SolutionGuid = {B6C4E720-9E00-4972-B118-8C368D8FFEA3}
	EndGlobalSection
EndGlobal
