
Microsoft Visual Studio Solution File, Format Version 12.00
# Visual Studio Version 17
VisualStudioVersion = 17.6.33815.320
MinimumVisualStudioVersion = 10.0.40219.1
Project("{FAE04EC0-301F-11D3-BF4B-00C04F79EFBC}") = "LibraryManagementSystem", "LibraryManagementSystem.csproj", "{7488D6F9-57F6-406F-A104-519BB5F0DEEA}"
EndProject
Global
	GlobalSection(SolutionConfigurationPlatforms) = preSolution
		Debug|Any CPU = Debug|Any CPU
		Release|Any CPU = Release|Any CPU
	EndGlobalSection
	GlobalSection(ProjectConfigurationPlatforms) = postSolution
		{7488D6F9-57F6-406F-A104-519BB5F0DEEA}.Debug|Any CPU.ActiveCfg = Debug|Any CPU
		{7488D6F9-57F6-406F-A104-519BB5F0DEEA}.Debug|Any CPU.Build.0 = Debug|Any CPU
		{7488D6F9-57F6-406F-A104-519BB5F0DEEA}.Release|Any CPU.ActiveCfg = Release|Any CPU
		{7488D6F9-57F6-406F-A104-519BB5F0DEEA}.Release|Any CPU.Build.0 = Release|Any CPU
	EndGlobalSection
	GlobalSection(SolutionProperties) = preSolution
		HideSolutionNode = FALSE
	EndGlobalSection
	GlobalSection(ExtensibilityGlobals) = postSolution
		SolutionGuid = {83803BC1-56E4-4085-8F0A-678877FE16AB}
	EndGlobalSection
EndGlobal
