
Microsoft Visual Studio Solution File, Format Version 12.00
# Visual Studio Version 17
VisualStudioVersion = 17.6.33815.320
MinimumVisualStudioVersion = 10.0.40219.1
Project("{FAE04EC0-301F-11D3-BF4B-00C04F79EFBC}") = "OnlineStoreInventorySystem", "OnlineStoreInventorySystem.csproj", "{3479EB58-B71F-409C-B754-A5AAB0DCAE06}"
EndProject
Global
	GlobalSection(SolutionConfigurationPlatforms) = preSolution
		Debug|Any CPU = Debug|Any CPU
		Release|Any CPU = Release|Any CPU
	EndGlobalSection
	GlobalSection(ProjectConfigurationPlatforms) = postSolution
		{3479EB58-B71F-409C-B754-A5AAB0DCAE06}.Debug|Any CPU.ActiveCfg = Debug|Any CPU
		{3479EB58-B71F-409C-B754-A5AAB0DCAE06}.Debug|Any CPU.Build.0 = Debug|Any CPU
		{3479EB58-B71F-409C-B754-A5AAB0DCAE06}.Release|Any CPU.ActiveCfg = Release|Any CPU
		{3479EB58-B71F-409C-B754-A5AAB0DCAE06}.Release|Any CPU.Build.0 = Release|Any CPU
	EndGlobalSection
	GlobalSection(SolutionProperties) = preSolution
		HideSolutionNode = FALSE
	EndGlobalSection
	GlobalSection(ExtensibilityGlobals) = postSolution
		SolutionGuid = {F8F9E18C-99E5-44DD-BC34-A9E5CA3531D0}
	EndGlobalSection
EndGlobal
