
Microsoft Visual Studio Solution File, Format Version 12.00
# Visual Studio Version 17
VisualStudioVersion = 17.6.33815.320
MinimumVisualStudioVersion = 10.0.40219.1
Project("{FAE04EC0-301F-11D3-BF4B-00C04F79EFBC}") = "Project", "Project.csproj", "{BA9D4EFA-6990-4F66-AFAA-E1FDED513BEB}"
EndProject
Global
	GlobalSection(SolutionConfigurationPlatforms) = preSolution
		Debug|Any CPU = Debug|Any CPU
		Release|Any CPU = Release|Any CPU
	EndGlobalSection
	GlobalSection(ProjectConfigurationPlatforms) = postSolution
		{BA9D4EFA-6990-4F66-AFAA-E1FDED513BEB}.Debug|Any CPU.ActiveCfg = Debug|Any CPU
		{BA9D4EFA-6990-4F66-AFAA-E1FDED513BEB}.Debug|Any CPU.Build.0 = Debug|Any CPU
		{BA9D4EFA-6990-4F66-AFAA-E1FDED513BEB}.Release|Any CPU.ActiveCfg = Release|Any CPU
		{BA9D4EFA-6990-4F66-AFAA-E1FDED513BEB}.Release|Any CPU.Build.0 = Release|Any CPU
	EndGlobalSection
	GlobalSection(SolutionProperties) = preSolution
		HideSolutionNode = FALSE
	EndGlobalSection
	GlobalSection(ExtensibilityGlobals) = postSolution
		SolutionGuid = {BE0C260E-3A42-4D9B-B82A-A1085658D6CE}
	EndGlobalSection
EndGlobal
