
Microsoft Visual Studio Solution File, Format Version 12.00
# Visual Studio Version 17
VisualStudioVersion = 17.6.33815.320
MinimumVisualStudioVersion = 10.0.40219.1
Project("{FAE04EC0-301F-11D3-BF4B-00C04F79EFBC}") = "Linq", "Linq.csproj", "{44A575DC-FA94-47F1-9167-877A463C3D17}"
EndProject
Global
	GlobalSection(SolutionConfigurationPlatforms) = preSolution
		Debug|Any CPU = Debug|Any CPU
		Release|Any CPU = Release|Any CPU
	EndGlobalSection
	GlobalSection(ProjectConfigurationPlatforms) = postSolution
		{44A575DC-FA94-47F1-9167-877A463C3D17}.Debug|Any CPU.ActiveCfg = Debug|Any CPU
		{44A575DC-FA94-47F1-9167-877A463C3D17}.Debug|Any CPU.Build.0 = Debug|Any CPU
		{44A575DC-FA94-47F1-9167-877A463C3D17}.Release|Any CPU.ActiveCfg = Release|Any CPU
		{44A575DC-FA94-47F1-9167-877A463C3D17}.Release|Any CPU.Build.0 = Release|Any CPU
	EndGlobalSection
	GlobalSection(SolutionProperties) = preSolution
		HideSolutionNode = FALSE
	EndGlobalSection
	GlobalSection(ExtensibilityGlobals) = postSolution
		SolutionGuid = {F039982B-5929-40EB-8B7D-538D7D150AF9}
	EndGlobalSection
EndGlobal
